// !$*UTF8*$!
{
	archiveVersion = 1;
	classes = {
	};
	objectVersion = 48;
	objects = {

/* Begin PBXBuildFile section */
		350E73BF1FF2DFA40014F245 /* SIMainView.m in Sources */ = {isa = PBXBuildFile; fileRef = 350E73BE1FF2DFA40014F245 /* SIMainView.m */; };
		350E73C21FF2E0090014F245 /* SIMainViewController.m in Sources */ = {isa = PBXBuildFile; fileRef = 350E73C11FF2E0090014F245 /* SIMainViewController.m */; };
		352AA77F1FF2CFCB00EC1111 /* AppDelegate.m in Sources */ = {isa = PBXBuildFile; fileRef = 352AA77E1FF2CFCB00EC1111 /* AppDelegate.m */; };
		352AA7871FF2CFCB00EC1111 /* Assets.xcassets in Resources */ = {isa = PBXBuildFile; fileRef = 352AA7861FF2CFCB00EC1111 /* Assets.xcassets */; };
		352AA78D1FF2CFCB00EC1111 /* main.m in Sources */ = {isa = PBXBuildFile; fileRef = 352AA78C1FF2CFCB00EC1111 /* main.m */; };
/* End PBXBuildFile section */

/* Begin PBXFileReference section */
		1CEF3DD63C9BE2231522E386 /* Pods-ShowIN.debug.xcconfig */ = {isa = PBXFileReference; includeInIndex = 1; lastKnownFileType = text.xcconfig; name = "Pods-ShowIN.debug.xcconfig"; path = "Pods/Target Support Files/Pods-ShowIN/Pods-ShowIN.debug.xcconfig"; sourceTree = "<group>"; };
		350E73BD1FF2DFA40014F245 /* SIMainView.h */ = {isa = PBXFileReference; lastKnownFileType = sourcecode.c.h; path = SIMainView.h; sourceTree = "<group>"; };
		350E73BE1FF2DFA40014F245 /* SIMainView.m */ = {isa = PBXFileReference; lastKnownFileType = sourcecode.c.objc; path = SIMainView.m; sourceTree = "<group>"; };
		350E73C01FF2E0090014F245 /* SIMainViewController.h */ = {isa = PBXFileReference; lastKnownFileType = sourcecode.c.h; path = SIMainViewController.h; sourceTree = "<group>"; };
		350E73C11FF2E0090014F245 /* SIMainViewController.m */ = {isa = PBXFileReference; lastKnownFileType = sourcecode.c.objc; path = SIMainViewController.m; sourceTree = "<group>"; };
		352AA77A1FF2CFCB00EC1111 /* ShowIN.app */ = {isa = PBXFileReference; explicitFileType = wrapper.application; includeInIndex = 0; path = ShowIN.app; sourceTree = BUILT_PRODUCTS_DIR; };
		352AA77D1FF2CFCB00EC1111 /* AppDelegate.h */ = {isa = PBXFileReference; lastKnownFileType = sourcecode.c.h; path = AppDelegate.h; sourceTree = "<group>"; };
		352AA77E1FF2CFCB00EC1111 /* AppDelegate.m */ = {isa = PBXFileReference; lastKnownFileType = sourcecode.c.objc; path = AppDelegate.m; sourceTree = "<group>"; };
		352AA7861FF2CFCB00EC1111 /* Assets.xcassets */ = {isa = PBXFileReference; lastKnownFileType = folder.assetcatalog; path = Assets.xcassets; sourceTree = "<group>"; };
		352AA78B1FF2CFCB00EC1111 /* Info.plist */ = {isa = PBXFileReference; lastKnownFileType = text.plist.xml; path = Info.plist; sourceTree = "<group>"; };
		352AA78C1FF2CFCB00EC1111 /* main.m */ = {isa = PBXFileReference; lastKnownFileType = sourcecode.c.objc; path = main.m; sourceTree = "<group>"; };
		549F8B82850915AA0AEBEAE1 /* Pods-ShowIN.release.xcconfig */ = {isa = PBXFileReference; includeInIndex = 1; lastKnownFileType = text.xcconfig; name = "Pods-ShowIN.release.xcconfig"; path = "Pods/Target Support Files/Pods-ShowIN/Pods-ShowIN.release.xcconfig"; sourceTree = "<group>"; };
		D6ED430A5EA5903F3CA224DD /* libPods-ShowIN.a */ = {isa = PBXFileReference; explicitFileType = archive.ar; includeInIndex = 0; path = "libPods-ShowIN.a"; sourceTree = BUILT_PRODUCTS_DIR; };
/* End PBXFileReference section */

/* Begin PBXFrameworksBuildPhase section */
		352AA7771FF2CFCB00EC1111 /* Frameworks */ = {
			isa = PBXFrameworksBuildPhase;
			buildActionMask = 2147483647;
			files = (
			);
			runOnlyForDeploymentPostprocessing = 0;
		};
/* End PBXFrameworksBuildPhase section */

/* Begin PBXGroup section */
		352AA7711FF2CFCB00EC1111 = {
			isa = PBXGroup;
			children = (
				352AA77C1FF2CFCB00EC1111 /* ShowIN */,
				352AA77B1FF2CFCB00EC1111 /* Products */,
				92A20710574A9593C7B6FED4 /* Pods */,
				82F2545EB27EEF5198C51AE6 /* Frameworks */,
			);
			sourceTree = "<group>";
		};
		352AA77B1FF2CFCB00EC1111 /* Products */ = {
			isa = PBXGroup;
			children = (
				352AA77A1FF2CFCB00EC1111 /* ShowIN.app */,
			);
			name = Products;
			sourceTree = "<group>";
		};
		352AA77C1FF2CFCB00EC1111 /* ShowIN */ = {
			isa = PBXGroup;
			children = (
				352AA77D1FF2CFCB00EC1111 /* AppDelegate.h */,
				352AA77E1FF2CFCB00EC1111 /* AppDelegate.m */,
				350E73BD1FF2DFA40014F245 /* SIMainView.h */,
				350E73BE1FF2DFA40014F245 /* SIMainView.m */,
				350E73C01FF2E0090014F245 /* SIMainViewController.h */,
				350E73C11FF2E0090014F245 /* SIMainViewController.m */,
				352AA7861FF2CFCB00EC1111 /* Assets.xcassets */,
				352AA78B1FF2CFCB00EC1111 /* Info.plist */,
				352AA78C1FF2CFCB00EC1111 /* main.m */,
			);
			path = ShowIN;
			sourceTree = "<group>";
		};
		82F2545EB27EEF5198C51AE6 /* Frameworks */ = {
			isa = PBXGroup;
			children = (
				D6ED430A5EA5903F3CA224DD /* libPods-ShowIN.a */,
			);
			name = Frameworks;
			sourceTree = "<group>";
		};
		92A20710574A9593C7B6FED4 /* Pods */ = {
			isa = PBXGroup;
			children = (
				1CEF3DD63C9BE2231522E386 /* Pods-ShowIN.debug.xcconfig */,
				549F8B82850915AA0AEBEAE1 /* Pods-ShowIN.release.xcconfig */,
			);
			name = Pods;
			sourceTree = "<group>";
		};
/* End PBXGroup section */

/* Begin PBXNativeTarget section */
		352AA7791FF2CFCB00EC1111 /* ShowIN */ = {
			isa = PBXNativeTarget;
			buildConfigurationList = 352AA7901FF2CFCB00EC1111 /* Build configuration list for PBXNativeTarget "ShowIN" */;
			buildPhases = (
				A69C2AE36418F5E5E6BB77B9 /* [CP] Check Pods Manifest.lock */,
				352AA7761FF2CFCB00EC1111 /* Sources */,
				352AA7771FF2CFCB00EC1111 /* Frameworks */,
				352AA7781FF2CFCB00EC1111 /* Resources */,
				851E9037A0E4D9DFE4020D6E /* [CP] Embed Pods Frameworks */,
				15324B5923754402A004FBE7 /* [CP] Copy Pods Resources */,
			);
			buildRules = (
			);
			dependencies = (
			);
			name = ShowIN;
			productName = ShowIN;
			productReference = 352AA77A1FF2CFCB00EC1111 /* ShowIN.app */;
			productType = "com.apple.product-type.application";
		};
/* End PBXNativeTarget section */

/* Begin PBXProject section */
		352AA7721FF2CFCB00EC1111 /* Project object */ = {
			isa = PBXProject;
			attributes = {
				LastUpgradeCheck = 0900;
				ORGANIZATIONNAME = "Weiling Xi";
				TargetAttributes = {
					352AA7791FF2CFCB00EC1111 = {
						CreatedOnToolsVersion = 9.0.1;
						ProvisioningStyle = Automatic;
					};
				};
			};
			buildConfigurationList = 352AA7751FF2CFCB00EC1111 /* Build configuration list for PBXProject "ShowIN" */;
			compatibilityVersion = "Xcode 8.0";
			developmentRegion = en;
			hasScannedForEncodings = 0;
			knownRegions = (
				en,
				Base,
			);
			mainGroup = 352AA7711FF2CFCB00EC1111;
			productRefGroup = 352AA77B1FF2CFCB00EC1111 /* Products */;
			projectDirPath = "";
			projectRoot = "";
			targets = (
				352AA7791FF2CFCB00EC1111 /* ShowIN */,
			);
		};
/* End PBXProject section */

/* Begin PBXResourcesBuildPhase section */
		352AA7781FF2CFCB00EC1111 /* Resources */ = {
			isa = PBXResourcesBuildPhase;
			buildActionMask = 2147483647;
			files = (
				352AA7871FF2CFCB00EC1111 /* Assets.xcassets in Resources */,
			);
			runOnlyForDeploymentPostprocessing = 0;
		};
/* End PBXResourcesBuildPhase section */

/* Begin PBXShellScriptBuildPhase section */
		15324B5923754402A004FBE7 /* [CP] Copy Pods Resources */ = {
			isa = PBXShellScriptBuildPhase;
			buildActionMask = 2147483647;
			files = (
			);
			inputPaths = (
				"${SRCROOT}/Pods/Target Support Files/Pods-ShowIN/Pods-ShowIN-resources.sh",
				"${PODS_ROOT}/GoogleMaps/Maps/Frameworks/GoogleMaps.framework/Resources/GoogleMaps.bundle",
				"${PODS_ROOT}/GooglePlaces/Frameworks/GooglePlaces.framework/Resources/GooglePlaces.bundle",
			);
			name = "[CP] Copy Pods Resources";
			outputPaths = (
				"${TARGET_BUILD_DIR}/${UNLOCALIZED_RESOURCES_FOLDER_PATH}",
			);
			runOnlyForDeploymentPostprocessing = 0;
			shellPath = /bin/sh;
			shellScript = "\"${SRCROOT}/Pods/Target Support Files/Pods-ShowIN/Pods-ShowIN-resources.sh\"\n";
			showEnvVarsInLog = 0;
		};
		851E9037A0E4D9DFE4020D6E /* [CP] Embed Pods Frameworks */ = {
			isa = PBXShellScriptBuildPhase;
			buildActionMask = 2147483647;
			files = (
			);
			inputPaths = (
			);
			name = "[CP] Embed Pods Frameworks";
			outputPaths = (
			);
			runOnlyForDeploymentPostprocessing = 0;
			shellPath = /bin/sh;
			shellScript = "\"${SRCROOT}/Pods/Target Support Files/Pods-ShowIN/Pods-ShowIN-frameworks.sh\"\n";
			showEnvVarsInLog = 0;
		};
		A69C2AE36418F5E5E6BB77B9 /* [CP] Check Pods Manifest.lock */ = {
			isa = PBXShellScriptBuildPhase;
			buildActionMask = 2147483647;
			files = (
			);
			inputPaths = (
				"${PODS_PODFILE_DIR_PATH}/Podfile.lock",
				"${PODS_ROOT}/Manifest.lock",
			);
			name = "[CP] Check Pods Manifest.lock";
			outputPaths = (
				"$(DERIVED_FILE_DIR)/Pods-ShowIN-checkManifestLockResult.txt",
			);
			runOnlyForDeploymentPostprocessing = 0;
			shellPath = /bin/sh;
			shellScript = "diff \"${PODS_PODFILE_DIR_PATH}/Podfile.lock\" \"${PODS_ROOT}/Manifest.lock\" > /dev/null\nif [ $? != 0 ] ; then\n    # print error to STDERR\n    echo \"error: The sandbox is not in sync with the Podfile.lock. Run 'pod install' or update your CocoaPods installation.\" >&2\n    exit 1\nfi\n# This output is used by Xcode 'outputs' to avoid re-running this script phase.\necho \"SUCCESS\" > \"${SCRIPT_OUTPUT_FILE_0}\"\n";
			showEnvVarsInLog = 0;
		};
/* End PBXShellScriptBuildPhase section */

/* Begin PBXSourcesBuildPhase section */
		352AA7761FF2CFCB00EC1111 /* Sources */ = {
			isa = PBXSourcesBuildPhase;
			buildActionMask = 2147483647;
			files = (
				350E73C21FF2E0090014F245 /* SIMainViewController.m in Sources */,
				352AA78D1FF2CFCB00EC1111 /* main.m in Sources */,
				352AA77F1FF2CFCB00EC1111 /* AppDelegate.m in Sources */,
				350E73BF1FF2DFA40014F245 /* SIMainView.m in Sources */,
			);
			runOnlyForDeploymentPostprocessing = 0;
		};
/* End PBXSourcesBuildPhase section */

/* Begin XCBuildConfiguration section */
		352AA78E1FF2CFCB00EC1111 /* Debug */ = {
			isa = XCBuildConfiguration;
			buildSettings = {
				ALWAYS_SEARCH_USER_PATHS = NO;
				CLANG_ANALYZER_NONNULL = YES;
				CLANG_ANALYZER_NUMBER_OBJECT_CONVERSION = YES_AGGRESSIVE;
				CLANG_CXX_LANGUAGE_STANDARD = "gnu++14";
				CLANG_CXX_LIBRARY = "libc++";
				CLANG_ENABLE_MODULES = YES;
				CLANG_ENABLE_OBJC_ARC = YES;
				CLANG_WARN_BLOCK_CAPTURE_AUTORELEASING = YES;
				CLANG_WARN_BOOL_CONVERSION = YES;
				CLANG_WARN_COMMA = YES;
				CLANG_WARN_CONSTANT_CONVERSION = YES;
				CLANG_WARN_DIRECT_OBJC_ISA_USAGE = YES_ERROR;
				CLANG_WARN_DOCUMENTATION_COMMENTS = YES;
				CLANG_WARN_EMPTY_BODY = YES;
				CLANG_WARN_ENUM_CONVERSION = YES;
				CLANG_WARN_INFINITE_RECURSION = YES;
				CLANG_WARN_INT_CONVERSION = YES;
				CLANG_WARN_NON_LITERAL_NULL_CONVERSION = YES;
				CLANG_WARN_OBJC_LITERAL_CONVERSION = YES;
				CLANG_WARN_OBJC_ROOT_CLASS = YES_ERROR;
				CLANG_WARN_RANGE_LOOP_ANALYSIS = YES;
				CLANG_WARN_STRICT_PROTOTYPES = YES;
				CLANG_WARN_SUSPICIOUS_MOVE = YES;
				CLANG_WARN_UNGUARDED_AVAILABILITY = YES_AGGRESSIVE;
				CLANG_WARN_UNREACHABLE_CODE = YES;
				CLANG_WARN__DUPLICATE_METHOD_MATCH = YES;
				CODE_SIGN_IDENTITY = "iPhone Developer";
				COPY_PHASE_STRIP = NO;
				DEBUG_INFORMATION_FORMAT = dwarf;
				ENABLE_STRICT_OBJC_MSGSEND = YES;
				ENABLE_TESTABILITY = YES;
				GCC_C_LANGUAGE_STANDARD = gnu11;
				GCC_DYNAMIC_NO_PIC = NO;
				GCC_NO_COMMON_BLOCKS = YES;
				GCC_OPTIMIZATION_LEVEL = 0;
				GCC_PREPROCESSOR_DEFINITIONS = (
					"DEBUG=1",
					"$(inherited)",
				);
				GCC_WARN_64_TO_32_BIT_CONVERSION = YES;
				GCC_WARN_ABOUT_RETURN_TYPE = YES_ERROR;
				GCC_WARN_UNDECLARED_SELECTOR = YES;
				GCC_WARN_UNINITIALIZED_AUTOS = YES_AGGRESSIVE;
				GCC_WARN_UNUSED_FUNCTION = YES;
				GCC_WARN_UNUSED_VARIABLE = YES;
				IPHONEOS_DEPLOYMENT_TARGET = 11.0;
				MTL_ENABLE_DEBUG_INFO = YES;
				ONLY_ACTIVE_ARCH = YES;
				SDKROOT = iphoneos;
			};
			name = Debug;
		};
		352AA78F1FF2CFCB00EC1111 /* Release */ = {
			isa = XCBuildConfiguration;
			buildSettings = {
				ALWAYS_SEARCH_USER_PATHS = NO;
				CLANG_ANALYZER_NONNULL = YES;
				CLANG_ANALYZER_NUMBER_OBJECT_CONVERSION = YES_AGGRESSIVE;
				CLANG_CXX_LANGUAGE_STANDARD = "gnu++14";
				CLANG_CXX_LIBRARY = "libc++";
				CLANG_ENABLE_MODULES = YES;
				CLANG_ENABLE_OBJC_ARC = YES;
				CLANG_WARN_BLOCK_CAPTURE_AUTORELEASING = YES;
				CLANG_WARN_BOOL_CONVERSION = YES;
				CLANG_WARN_COMMA = YES;
				CLANG_WARN_CONSTANT_CONVERSION = YES;
				CLANG_WARN_DIRECT_OBJC_ISA_USAGE = YES_ERROR;
				CLANG_WARN_DOCUMENTATION_COMMENTS = YES;
				CLANG_WARN_EMPTY_BODY = YES;
				CLANG_WARN_ENUM_CONVERSION = YES;
				CLANG_WARN_INFINITE_RECURSION = YES;
				CLANG_WARN_INT_CONVERSION = YES;
				CLANG_WARN_NON_LITERAL_NULL_CONVERSION = YES;
				CLANG_WARN_OBJC_LITERAL_CONVERSION = YES;
				CLANG_WARN_OBJC_ROOT_CLASS = YES_ERROR;
				CLANG_WARN_RANGE_LOOP_ANALYSIS = YES;
				CLANG_WARN_STRICT_PROTOTYPES = YES;
				CLANG_WARN_SUSPICIOUS_MOVE = YES;
				CLANG_WARN_UNGUARDED_AVAILABILITY = YES_AGGRESSIVE;
				CLANG_WARN_UNREACHABLE_CODE = YES;
				CLANG_WARN__DUPLICATE_METHOD_MATCH = YES;
				CODE_SIGN_IDENTITY = "iPhone Developer";
				COPY_PHASE_STRIP = NO;
				DEBUG_INFORMATION_FORMAT = "dwarf-with-dsym";
				ENABLE_NS_ASSERTIONS = NO;
				ENABLE_STRICT_OBJC_MSGSEND = YES;
				GCC_C_LANGUAGE_STANDARD = gnu11;
				GCC_NO_COMMON_BLOCKS = YES;
				GCC_WARN_64_TO_32_BIT_CONVERSION = YES;
				GCC_WARN_ABOUT_RETURN_TYPE = YES_ERROR;
				GCC_WARN_UNDECLARED_SELECTOR = YES;
				GCC_WARN_UNINITIALIZED_AUTOS = YES_AGGRESSIVE;
				GCC_WARN_UNUSED_FUNCTION = YES;
				GCC_WARN_UNUSED_VARIABLE = YES;
				IPHONEOS_DEPLOYMENT_TARGET = 11.0;
				MTL_ENABLE_DEBUG_INFO = NO;
				SDKROOT = iphoneos;
				VALIDATE_PRODUCT = YES;
			};
			name = Release;
		};
		352AA7911FF2CFCB00EC1111 /* Debug */ = {
			isa = XCBuildConfiguration;
			baseConfigurationReference = 1CEF3DD63C9BE2231522E386 /* Pods-ShowIN.debug.xcconfig */;
			buildSettings = {
				ASSETCATALOG_COMPILER_APPICON_NAME = AppIcon;
				CODE_SIGN_STYLE = Automatic;
				DEVELOPMENT_TEAM = 4V4PCK8KNJ;
				INFOPLIST_FILE = ShowIN/Info.plist;
				LD_RUNPATH_SEARCH_PATHS = "$(inherited) @executable_path/Frameworks";
				PRODUCT_BUNDLE_IDENTIFIER = com.weiling.ShowIN;
				PRODUCT_NAME = "$(TARGET_NAME)";
				TARGETED_DEVICE_FAMILY = "1,2";
			};
			name = Debug;
		};
		352AA7921FF2CFCB00EC1111 /* Release */ = {
			isa = XCBuildConfiguration;
			baseConfigurationReference = 549F8B82850915AA0AEBEAE1 /* Pods-ShowIN.release.xcconfig */;
			buildSettings = {
				ASSETCATALOG_COMPILER_APPICON_NAME = AppIcon;
				CODE_SIGN_STYLE = Automatic;
				DEVELOPMENT_TEAM = 4V4PCK8KNJ;
				INFOPLIST_FILE = ShowIN/Info.plist;
				LD_RUNPATH_SEARCH_PATHS = "$(inherited) @executable_path/Frameworks";
				PRODUCT_BUNDLE_IDENTIFIER = com.weiling.ShowIN;
				PRODUCT_NAME = "$(TARGET_NAME)";
				TARGETED_DEVICE_FAMILY = "1,2";
			};
			name = Release;
		};
/* End XCBuildConfiguration section */

/* Begin XCConfigurationList section */
		352AA7751FF2CFCB00EC1111 /* Build configuration list for PBXProject "ShowIN" */ = {
			isa = XCConfigurationList;
			buildConfigurations = (
				352AA78E1FF2CFCB00EC1111 /* Debug */,
				352AA78F1FF2CFCB00EC1111 /* Release */,
			);
			defaultConfigurationIsVisible = 0;
			defaultConfigurationName = Release;
		};
		352AA7901FF2CFCB00EC1111 /* Build configuration list for PBXNativeTarget "ShowIN" */ = {
			isa = XCConfigurationList;
			buildConfigurations = (
				352AA7911FF2CFCB00EC1111 /* Debug */,
				352AA7921FF2CFCB00EC1111 /* Release */,
			);
			defaultConfigurationIsVisible = 0;
			defaultConfigurationName = Release;
		};
/* End XCConfigurationList section */
	};
	rootObject = 352AA7721FF2CFCB00EC1111 /* Project object */;
}
